// !$*UTF8*$!
{
	archiveVersion = 1;
	classes = {
	};
	objectVersion = 56;
	objects = {

/* Begin PBXBuildFile section */
		875A38762909163F003D0AB3 /* SosNumeriqueApp.swift in Sources */ = {isa = PBXBuildFile; fileRef = 875A38752909163F003D0AB3 /* SosNumeriqueApp.swift */; };
		875A38782909163F003D0AB3 /* ContentView.swift in Sources */ = {isa = PBXBuildFile; fileRef = 875A38772909163F003D0AB3 /* ContentView.swift */; };
		875A387A29091640003D0AB3 /* Assets.xcassets in Resources */ = {isa = PBXBuildFile; fileRef = 875A387929091640003D0AB3 /* Assets.xcassets */; };
		875A387D29091640003D0AB3 /* Preview Assets.xcassets in Resources */ = {isa = PBXBuildFile; fileRef = 875A387C29091640003D0AB3 /* Preview Assets.xcassets */; };
		875A388629095850003D0AB3 /* LessonDetailView.swift in Sources */ = {isa = PBXBuildFile; fileRef = 875A388529095850003D0AB3 /* LessonDetailView.swift */; };
		875A3888290AA9D5003D0AB3 /* QuizView.swift in Sources */ = {isa = PBXBuildFile; fileRef = 875A3887290AA9D5003D0AB3 /* QuizView.swift */; };
		8779192B2913D150000946B6 /* lessonlistdetails.swift in Sources */ = {isa = PBXBuildFile; fileRef = 8779192A2913D150000946B6 /* lessonlistdetails.swift */; };
		87F91E7A290BF8D700A3E3E4 /* LessonListView.swift in Sources */ = {isa = PBXBuildFile; fileRef = 87F91E79290BF8D700A3E3E4 /* LessonListView.swift */; };
		87F91E7E290BFB8F00A3E3E4 /* UserProfileView.swift in Sources */ = {isa = PBXBuildFile; fileRef = 87F91E7D290BFB8F00A3E3E4 /* UserProfileView.swift */; };
		87F91E86290FD40800A3E3E4 /* NavigationView.swift in Sources */ = {isa = PBXBuildFile; fileRef = 87F91E85290FD40800A3E3E4 /* NavigationView.swift */; };
		87F91E8829101A5900A3E3E4 /* CardsContentView.swift in Sources */ = {isa = PBXBuildFile; fileRef = 87F91E8729101A5900A3E3E4 /* CardsContentView.swift */; };
		87F91E8A2911702D00A3E3E4 /* MapView.swift in Sources */ = {isa = PBXBuildFile; fileRef = 87F91E892911702D00A3E3E4 /* MapView.swift */; };
		87F91E8E2911718A00A3E3E4 /* EditView.swift in Sources */ = {isa = PBXBuildFile; fileRef = 87F91E8D2911718A00A3E3E4 /* EditView.swift */; };
		87F91E90291171CE00A3E3E4 /* ButtonCollection.swift in Sources */ = {isa = PBXBuildFile; fileRef = 87F91E8F291171CE00A3E3E4 /* ButtonCollection.swift */; };
		87F91E922911761300A3E3E4 /* PinButtonView.swift in Sources */ = {isa = PBXBuildFile; fileRef = 87F91E912911761300A3E3E4 /* PinButtonView.swift */; };
/* End PBXBuildFile section */

/* Begin PBXFileReference section */
		875A38722909163F003D0AB3 /* SosNumerique.app */ = {isa = PBXFileReference; explicitFileType = wrapper.application; includeInIndex = 0; path = SosNumerique.app; sourceTree = BUILT_PRODUCTS_DIR; };
		875A38752909163F003D0AB3 /* SosNumeriqueApp.swift */ = {isa = PBXFileReference; lastKnownFileType = sourcecode.swift; path = SosNumeriqueApp.swift; sourceTree = "<group>"; };
		875A38772909163F003D0AB3 /* ContentView.swift */ = {isa = PBXFileReference; lastKnownFileType = sourcecode.swift; path = ContentView.swift; sourceTree = "<group>"; };
		875A387929091640003D0AB3 /* Assets.xcassets */ = {isa = PBXFileReference; lastKnownFileType = folder.assetcatalog; path = Assets.xcassets; sourceTree = "<group>"; };
		875A387C29091640003D0AB3 /* Preview Assets.xcassets */ = {isa = PBXFileReference; lastKnownFileType = folder.assetcatalog; path = "Preview Assets.xcassets"; sourceTree = "<group>"; };
		875A388529095850003D0AB3 /* LessonDetailView.swift */ = {isa = PBXFileReference; lastKnownFileType = sourcecode.swift; path = LessonDetailView.swift; sourceTree = "<group>"; };
		875A3887290AA9D5003D0AB3 /* QuizView.swift */ = {isa = PBXFileReference; lastKnownFileType = sourcecode.swift; path = QuizView.swift; sourceTree = "<group>"; };
		8779192A2913D150000946B6 /* lessonlistdetails.swift */ = {isa = PBXFileReference; lastKnownFileType = sourcecode.swift; path = lessonlistdetails.swift; sourceTree = "<group>"; };
		87F91E79290BF8D700A3E3E4 /* LessonListView.swift */ = {isa = PBXFileReference; lastKnownFileType = sourcecode.swift; path = LessonListView.swift; sourceTree = "<group>"; };
		87F91E7D290BFB8F00A3E3E4 /* UserProfileView.swift */ = {isa = PBXFileReference; lastKnownFileType = sourcecode.swift; path = UserProfileView.swift; sourceTree = "<group>"; };
		87F91E85290FD40800A3E3E4 /* NavigationView.swift */ = {isa = PBXFileReference; lastKnownFileType = sourcecode.swift; path = NavigationView.swift; sourceTree = "<group>"; };
		87F91E8729101A5900A3E3E4 /* CardsContentView.swift */ = {isa = PBXFileReference; lastKnownFileType = sourcecode.swift; path = CardsContentView.swift; sourceTree = "<group>"; };
		87F91E892911702D00A3E3E4 /* MapView.swift */ = {isa = PBXFileReference; lastKnownFileType = sourcecode.swift; path = MapView.swift; sourceTree = "<group>"; };
		87F91E8D2911718A00A3E3E4 /* EditView.swift */ = {isa = PBXFileReference; lastKnownFileType = sourcecode.swift; path = EditView.swift; sourceTree = "<group>"; };
		87F91E8F291171CE00A3E3E4 /* ButtonCollection.swift */ = {isa = PBXFileReference; lastKnownFileType = sourcecode.swift; path = ButtonCollection.swift; sourceTree = "<group>"; };
		87F91E912911761300A3E3E4 /* PinButtonView.swift */ = {isa = PBXFileReference; lastKnownFileType = sourcecode.swift; path = PinButtonView.swift; sourceTree = "<group>"; };
/* End PBXFileReference section */

/* Begin PBXFrameworksBuildPhase section */
		875A386F2909163F003D0AB3 /* Frameworks */ = {
			isa = PBXFrameworksBuildPhase;
			buildActionMask = 2147483647;
			files = (
			);
			runOnlyForDeploymentPostprocessing = 0;
		};
/* End PBXFrameworksBuildPhase section */

/* Begin PBXGroup section */
		875A38692909163F003D0AB3 = {
			isa = PBXGroup;
			children = (
				875A38742909163F003D0AB3 /* SosNumerique */,
				875A38732909163F003D0AB3 /* Products */,
			);
			sourceTree = "<group>";
		};
		875A38732909163F003D0AB3 /* Products */ = {
			isa = PBXGroup;
			children = (
				875A38722909163F003D0AB3 /* SosNumerique.app */,
			);
			name = Products;
			sourceTree = "<group>";
		};
		875A38742909163F003D0AB3 /* SosNumerique */ = {
			isa = PBXGroup;
			children = (
				875A38752909163F003D0AB3 /* SosNumeriqueApp.swift */,
				87F91E85290FD40800A3E3E4 /* NavigationView.swift */,
				875A38772909163F003D0AB3 /* ContentView.swift */,
				87F91E7D290BFB8F00A3E3E4 /* UserProfileView.swift */,
				875A388529095850003D0AB3 /* LessonDetailView.swift */,
				87F91E79290BF8D700A3E3E4 /* LessonListView.swift */,
				8779192A2913D150000946B6 /* lessonlistdetails.swift */,
				875A3887290AA9D5003D0AB3 /* QuizView.swift */,
				87F91E892911702D00A3E3E4 /* MapView.swift */,
				87F91E912911761300A3E3E4 /* PinButtonView.swift */,
				87F91E8D2911718A00A3E3E4 /* EditView.swift */,
				87F91E8F291171CE00A3E3E4 /* ButtonCollection.swift */,
				87F91E8729101A5900A3E3E4 /* CardsContentView.swift */,
				875A387929091640003D0AB3 /* Assets.xcassets */,
				875A387B29091640003D0AB3 /* Preview Content */,
			);
			path = SosNumerique;
			sourceTree = "<group>";
		};
		875A387B29091640003D0AB3 /* Preview Content */ = {
			isa = PBXGroup;
			children = (
				875A387C29091640003D0AB3 /* Preview Assets.xcassets */,
			);
			path = "Preview Content";
			sourceTree = "<group>";
		};
/* End PBXGroup section */

/* Begin PBXNativeTarget section */
		875A38712909163F003D0AB3 /* SosNumerique */ = {
			isa = PBXNativeTarget;
			buildConfigurationList = 875A388029091640003D0AB3 /* Build configuration list for PBXNativeTarget "SosNumerique" */;
			buildPhases = (
				875A386E2909163F003D0AB3 /* Sources */,
				875A386F2909163F003D0AB3 /* Frameworks */,
				875A38702909163F003D0AB3 /* Resources */,
			);
			buildRules = (
			);
			dependencies = (
			);
			name = SosNumerique;
			productName = SosNumerique;
			productReference = 875A38722909163F003D0AB3 /* SosNumerique.app */;
			productType = "com.apple.product-type.application";
		};
/* End PBXNativeTarget section */

/* Begin PBXProject section */
		875A386A2909163F003D0AB3 /* Project object */ = {
			isa = PBXProject;
			attributes = {
				BuildIndependentTargetsInParallel = 1;
				LastSwiftUpdateCheck = 1400;
				LastUpgradeCheck = 1400;
				TargetAttributes = {
					875A38712909163F003D0AB3 = {
						CreatedOnToolsVersion = 14.0.1;
					};
				};
			};
			buildConfigurationList = 875A386D2909163F003D0AB3 /* Build configuration list for PBXProject "SosNumerique" */;
			compatibilityVersion = "Xcode 14.0";
			developmentRegion = en;
			hasScannedForEncodings = 0;
			knownRegions = (
				en,
				Base,
			);
			mainGroup = 875A38692909163F003D0AB3;
			productRefGroup = 875A38732909163F003D0AB3 /* Products */;
			projectDirPath = "";
			projectRoot = "";
			targets = (
				875A38712909163F003D0AB3 /* SosNumerique */,
			);
		};
/* End PBXProject section */

/* Begin PBXResourcesBuildPhase section */
		875A38702909163F003D0AB3 /* Resources */ = {
			isa = PBXResourcesBuildPhase;
			buildActionMask = 2147483647;
			files = (
				875A387D29091640003D0AB3 /* Preview Assets.xcassets in Resources */,
				875A387A29091640003D0AB3 /* Assets.xcassets in Resources */,
			);
			runOnlyForDeploymentPostprocessing = 0;
		};
/* End PBXResourcesBuildPhase section */

/* Begin PBXSourcesBuildPhase section */
		875A386E2909163F003D0AB3 /* Sources */ = {
			isa = PBXSourcesBuildPhase;
			buildActionMask = 2147483647;
			files = (
				875A388629095850003D0AB3 /* LessonDetailView.swift in Sources */,
				87F91E86290FD40800A3E3E4 /* NavigationView.swift in Sources */,
				87F91E8E2911718A00A3E3E4 /* EditView.swift in Sources */,
				875A3888290AA9D5003D0AB3 /* QuizView.swift in Sources */,
				87F91E922911761300A3E3E4 /* PinButtonView.swift in Sources */,
				87F91E7E290BFB8F00A3E3E4 /* UserProfileView.swift in Sources */,
				87F91E8829101A5900A3E3E4 /* CardsContentView.swift in Sources */,
				875A38782909163F003D0AB3 /* ContentView.swift in Sources */,
				87F91E7A290BF8D700A3E3E4 /* LessonListView.swift in Sources */,
				87F91E90291171CE00A3E3E4 /* ButtonCollection.swift in Sources */,
				87F91E8A2911702D00A3E3E4 /* MapView.swift in Sources */,
				875A38762909163F003D0AB3 /* SosNumeriqueApp.swift in Sources */,
				8779192B2913D150000946B6 /* lessonlistdetails.swift in Sources */,
			);
			runOnlyForDeploymentPostprocessing = 0;
		};
/* End PBXSourcesBuildPhase section */

/* Begin XCBuildConfiguration section */
		875A387E29091640003D0AB3 /* Debug */ = {
			isa = XCBuildConfiguration;
			buildSettings = {
				ALWAYS_SEARCH_USER_PATHS = NO;
				CLANG_ANALYZER_NONNULL = YES;
				CLANG_ANALYZER_NUMBER_OBJECT_CONVERSION = YES_AGGRESSIVE;
				CLANG_CXX_LANGUAGE_STANDARD = "gnu++20";
				CLANG_ENABLE_MODULES = YES;
				CLANG_ENABLE_OBJC_ARC = YES;
				CLANG_ENABLE_OBJC_WEAK = YES;
				CLANG_WARN_BLOCK_CAPTURE_AUTORELEASING = YES;
				CLANG_WARN_BOOL_CONVERSION = YES;
				CLANG_WARN_COMMA = YES;
				CLANG_WARN_CONSTANT_CONVERSION = YES;
				CLANG_WARN_DEPRECATED_OBJC_IMPLEMENTATIONS = YES;
				CLANG_WARN_DIRECT_OBJC_ISA_USAGE = YES_ERROR;
				CLANG_WARN_DOCUMENTATION_COMMENTS = YES;
				CLANG_WARN_EMPTY_BODY = YES;
				CLANG_WARN_ENUM_CONVERSION = YES;
				CLANG_WARN_INFINITE_RECURSION = YES;
				CLANG_WARN_INT_CONVERSION = YES;
				CLANG_WARN_NON_LITERAL_NULL_CONVERSION = YES;
				CLANG_WARN_OBJC_IMPLICIT_RETAIN_SELF = YES;
				CLANG_WARN_OBJC_LITERAL_CONVERSION = YES;
				CLANG_WARN_OBJC_ROOT_CLASS = YES_ERROR;
				CLANG_WARN_QUOTED_INCLUDE_IN_FRAMEWORK_HEADER = YES;
				CLANG_WARN_RANGE_LOOP_ANALYSIS = YES;
				CLANG_WARN_STRICT_PROTOTYPES = YES;
				CLANG_WARN_SUSPICIOUS_MOVE = YES;
				CLANG_WARN_UNGUARDED_AVAILABILITY = YES_AGGRESSIVE;
				CLANG_WARN_UNREACHABLE_CODE = YES;
				CLANG_WARN__DUPLICATE_METHOD_MATCH = YES;
				COPY_PHASE_STRIP = NO;
				DEBUG_INFORMATION_FORMAT = dwarf;
				ENABLE_STRICT_OBJC_MSGSEND = YES;
				ENABLE_TESTABILITY = YES;
				GCC_C_LANGUAGE_STANDARD = gnu11;
				GCC_DYNAMIC_NO_PIC = NO;
				GCC_NO_COMMON_BLOCKS = YES;
				GCC_OPTIMIZATION_LEVEL = 0;
				GCC_PREPROCESSOR_DEFINITIONS = (
					"DEBUG=1",
					"$(inherited)",
				);
				GCC_WARN_64_TO_32_BIT_CONVERSION = YES;
				GCC_WARN_ABOUT_RETURN_TYPE = YES_ERROR;
				GCC_WARN_UNDECLARED_SELECTOR = YES;
				GCC_WARN_UNINITIALIZED_AUTOS = YES_AGGRESSIVE;
				GCC_WARN_UNUSED_FUNCTION = YES;
				GCC_WARN_UNUSED_VARIABLE = YES;
				IPHONEOS_DEPLOYMENT_TARGET = 16.0;
				MTL_ENABLE_DEBUG_INFO = INCLUDE_SOURCE;
				MTL_FAST_MATH = YES;
				ONLY_ACTIVE_ARCH = YES;
				SDKROOT = iphoneos;
				SWIFT_ACTIVE_COMPILATION_CONDITIONS = DEBUG;
				SWIFT_OPTIMIZATION_LEVEL = "-Onone";
			};
			name = Debug;
		};
		875A387F29091640003D0AB3 /* Release */ = {
			isa = XCBuildConfiguration;
			buildSettings = {
				ALWAYS_SEARCH_USER_PATHS = NO;
				CLANG_ANALYZER_NONNULL = YES;
				CLANG_ANALYZER_NUMBER_OBJECT_CONVERSION = YES_AGGRESSIVE;
				CLANG_CXX_LANGUAGE_STANDARD = "gnu++20";
				CLANG_ENABLE_MODULES = YES;
				CLANG_ENABLE_OBJC_ARC = YES;
				CLANG_ENABLE_OBJC_WEAK = YES;
				CLANG_WARN_BLOCK_CAPTURE_AUTORELEASING = YES;
				CLANG_WARN_BOOL_CONVERSION = YES;
				CLANG_WARN_COMMA = YES;
				CLANG_WARN_CONSTANT_CONVERSION = YES;
				CLANG_WARN_DEPRECATED_OBJC_IMPLEMENTATIONS = YES;
				CLANG_WARN_DIRECT_OBJC_ISA_USAGE = YES_ERROR;
				CLANG_WARN_DOCUMENTATION_COMMENTS = YES;
				CLANG_WARN_EMPTY_BODY = YES;
				CLANG_WARN_ENUM_CONVERSION = YES;
				CLANG_WARN_INFINITE_RECURSION = YES;
				CLANG_WARN_INT_CONVERSION = YES;
				CLANG_WARN_NON_LITERAL_NULL_CONVERSION = YES;
				CLANG_WARN_OBJC_IMPLICIT_RETAIN_SELF = YES;
				CLANG_WARN_OBJC_LITERAL_CONVERSION = YES;
				CLANG_WARN_OBJC_ROOT_CLASS = YES_ERROR;
				CLANG_WARN_QUOTED_INCLUDE_IN_FRAMEWORK_HEADER = YES;
				CLANG_WARN_RANGE_LOOP_ANALYSIS = YES;
				CLANG_WARN_STRICT_PROTOTYPES = YES;
				CLANG_WARN_SUSPICIOUS_MOVE = YES;
				CLANG_WARN_UNGUARDED_AVAILABILITY = YES_AGGRESSIVE;
				CLANG_WARN_UNREACHABLE_CODE = YES;
				CLANG_WARN__DUPLICATE_METHOD_MATCH = YES;
				COPY_PHASE_STRIP = NO;
				DEBUG_INFORMATION_FORMAT = "dwarf-with-dsym";
				ENABLE_NS_ASSERTIONS = NO;
				ENABLE_STRICT_OBJC_MSGSEND = YES;
				GCC_C_LANGUAGE_STANDARD = gnu11;
				GCC_NO_COMMON_BLOCKS = YES;
				GCC_WARN_64_TO_32_BIT_CONVERSION = YES;
				GCC_WARN_ABOUT_RETURN_TYPE = YES_ERROR;
				GCC_WARN_UNDECLARED_SELECTOR = YES;
				GCC_WARN_UNINITIALIZED_AUTOS = YES_AGGRESSIVE;
				GCC_WARN_UNUSED_FUNCTION = YES;
				GCC_WARN_UNUSED_VARIABLE = YES;
				IPHONEOS_DEPLOYMENT_TARGET = 16.0;
				MTL_ENABLE_DEBUG_INFO = NO;
				MTL_FAST_MATH = YES;
				SDKROOT = iphoneos;
				SWIFT_COMPILATION_MODE = wholemodule;
				SWIFT_OPTIMIZATION_LEVEL = "-O";
				VALIDATE_PRODUCT = YES;
			};
			name = Release;
		};
		875A388129091640003D0AB3 /* Debug */ = {
			isa = XCBuildConfiguration;
			buildSettings = {
				ASSETCATALOG_COMPILER_APPICON_NAME = AppIcon;
				ASSETCATALOG_COMPILER_GLOBAL_ACCENT_COLOR_NAME = AccentColor;
				CODE_SIGN_STYLE = Automatic;
				CURRENT_PROJECT_VERSION = 1;
				DEVELOPMENT_ASSET_PATHS = "\"SosNumerique/Preview Content\"";
				ENABLE_PREVIEWS = YES;
				GENERATE_INFOPLIST_FILE = YES;
				INFOPLIST_KEY_UIApplicationSceneManifest_Generation = YES;
				INFOPLIST_KEY_UIApplicationSupportsIndirectInputEvents = YES;
				INFOPLIST_KEY_UILaunchScreen_Generation = YES;
				INFOPLIST_KEY_UISupportedInterfaceOrientations_iPad = "UIInterfaceOrientationPortrait UIInterfaceOrientationPortraitUpsideDown UIInterfaceOrientationLandscapeLeft UIInterfaceOrientationLandscapeRight";
				INFOPLIST_KEY_UISupportedInterfaceOrientations_iPhone = "UIInterfaceOrientationPortrait UIInterfaceOrientationLandscapeLeft UIInterfaceOrientationLandscapeRight";
				LD_RUNPATH_SEARCH_PATHS = (
					"$(inherited)",
					"@executable_path/Frameworks",
				);
				MARKETING_VERSION = 1.0;
				PRODUCT_BUNDLE_IDENTIFIER = com.simplon.SosNumerique;
				PRODUCT_NAME = "$(TARGET_NAME)";
				SWIFT_EMIT_LOC_STRINGS = YES;
				SWIFT_VERSION = 5.0;
				TARGETED_DEVICE_FAMILY = "1,2";
			};
			name = Debug;
		};
		875A388229091640003D0AB3 /* Release */ = {
			isa = XCBuildConfiguration;
			buildSettings = {
				ASSETCATALOG_COMPILER_APPICON_NAME = AppIcon;
				ASSETCATALOG_COMPILER_GLOBAL_ACCENT_COLOR_NAME = AccentColor;
				CODE_SIGN_STYLE = Automatic;
				CURRENT_PROJECT_VERSION = 1;
				DEVELOPMENT_ASSET_PATHS = "\"SosNumerique/Preview Content\"";
				ENABLE_PREVIEWS = YES;
				GENERATE_INFOPLIST_FILE = YES;
				INFOPLIST_KEY_UIApplicationSceneManifest_Generation = YES;
				INFOPLIST_KEY_UIApplicationSupportsIndirectInputEvents = YES;
				INFOPLIST_KEY_UILaunchScreen_Generation = YES;
				INFOPLIST_KEY_UISupportedInterfaceOrientations_iPad = "UIInterfaceOrientationPortrait UIInterfaceOrientationPortraitUpsideDown UIInterfaceOrientationLandscapeLeft UIInterfaceOrientationLandscapeRight";
				INFOPLIST_KEY_UISupportedInterfaceOrientations_iPhone = "UIInterfaceOrientationPortrait UIInterfaceOrientationLandscapeLeft UIInterfaceOrientationLandscapeRight";
				LD_RUNPATH_SEARCH_PATHS = (
					"$(inherited)",
					"@executable_path/Frameworks",
				);
				MARKETING_VERSION = 1.0;
				PRODUCT_BUNDLE_IDENTIFIER = com.simplon.SosNumerique;
				PRODUCT_NAME = "$(TARGET_NAME)";
				SWIFT_EMIT_LOC_STRINGS = YES;
				SWIFT_VERSION = 5.0;
				TARGETED_DEVICE_FAMILY = "1,2";
			};
			name = Release;
		};
/* End XCBuildConfiguration section */

/* Begin XCConfigurationList section */
		875A386D2909163F003D0AB3 /* Build configuration list for PBXProject "SosNumerique" */ = {
			isa = XCConfigurationList;
			buildConfigurations = (
				875A387E29091640003D0AB3 /* Debug */,
				875A387F29091640003D0AB3 /* Release */,
			);
			defaultConfigurationIsVisible = 0;
			defaultConfigurationName = Release;
		};
		875A388029091640003D0AB3 /* Build configuration list for PBXNativeTarget "SosNumerique" */ = {
			isa = XCConfigurationList;
			buildConfigurations = (
				875A388129091640003D0AB3 /* Debug */,
				875A388229091640003D0AB3 /* Release */,
			);
			defaultConfigurationIsVisible = 0;
			defaultConfigurationName = Release;
		};
/* End XCConfigurationList section */
	};
	rootObject = 875A386A2909163F003D0AB3 /* Project object */;
}
